
Microsoft Visual Studio Solution File, Format Version 12.00
# Visual Studio Version 17
VisualStudioVersion = 17.5.33516.290
MinimumVisualStudioVersion = 10.0.40219.1
Project("{FAE04EC0-301F-11D3-BF4B-00C04F79EFBC}") = "GUI", "GUI\GUI.csproj", "{DA5E717A-1A58-48C4-8341-5F414DE2CBCB}"
EndProject
Project("{FAE04EC0-301F-11D3-BF4B-00C04F79EFBC}") = "BUS", "BUS\BUS.csproj", "{47C07AFC-8756-4317-BFBF-37DF48BC946F}"
EndProject
Project("{FAE04EC0-301F-11D3-BF4B-00C04F79EFBC}") = "DAO", "DAO\DAO.csproj", "{91DB6AD5-556B-4A86-8A13-EF835A76672D}"
EndProject
Project("{FAE04EC0-301F-11D3-BF4B-00C04F79EFBC}") = "DTO", "DTO\DTO.csproj", "{429D3070-FC0B-4BF6-BC16-CFA073A8BE2B}"
EndProject
Global
	GlobalSection(SolutionConfigurationPlatforms) = preSolution
		Debug|Any CPU = Debug|Any CPU
		Release|Any CPU = Release|Any CPU
	EndGlobalSection
	GlobalSection(ProjectConfigurationPlatforms) = postSolution
		{DA5E717A-1A58-48C4-8341-5F414DE2CBCB}.Debug|Any CPU.ActiveCfg = Debug|Any CPU
		{DA5E717A-1A58-48C4-8341-5F414DE2CBCB}.Debug|Any CPU.Build.0 = Debug|Any CPU
		{DA5E717A-1A58-48C4-8341-5F414DE2CBCB}.Release|Any CPU.ActiveCfg = Release|Any CPU
		{DA5E717A-1A58-48C4-8341-5F414DE2CBCB}.Release|Any CPU.Build.0 = Release|Any CPU
		{47C07AFC-8756-4317-BFBF-37DF48BC946F}.Debug|Any CPU.ActiveCfg = Debug|Any CPU
		{47C07AFC-8756-4317-BFBF-37DF48BC946F}.Debug|Any CPU.Build.0 = Debug|Any CPU
		{47C07AFC-8756-4317-BFBF-37DF48BC946F}.Release|Any CPU.ActiveCfg = Release|Any CPU
		{47C07AFC-8756-4317-BFBF-37DF48BC946F}.Release|Any CPU.Build.0 = Release|Any CPU
		{91DB6AD5-556B-4A86-8A13-EF835A76672D}.Debug|Any CPU.ActiveCfg = Debug|Any CPU
		{91DB6AD5-556B-4A86-8A13-EF835A76672D}.Debug|Any CPU.Build.0 = Debug|Any CPU
		{91DB6AD5-556B-4A86-8A13-EF835A76672D}.Release|Any CPU.ActiveCfg = Release|Any CPU
		{91DB6AD5-556B-4A86-8A13-EF835A76672D}.Release|Any CPU.Build.0 = Release|Any CPU
		{429D3070-FC0B-4BF6-BC16-CFA073A8BE2B}.Debug|Any CPU.ActiveCfg = Debug|Any CPU
		{429D3070-FC0B-4BF6-BC16-CFA073A8BE2B}.Debug|Any CPU.Build.0 = Debug|Any CPU
		{429D3070-FC0B-4BF6-BC16-CFA073A8BE2B}.Release|Any CPU.ActiveCfg = Release|Any CPU
		{429D3070-FC0B-4BF6-BC16-CFA073A8BE2B}.Release|Any CPU.Build.0 = Release|Any CPU
	EndGlobalSection
	GlobalSection(SolutionProperties) = preSolution
		HideSolutionNode = FALSE
	EndGlobalSection
	GlobalSection(ExtensibilityGlobals) = postSolution
		SolutionGuid = {C4A6F1A3-8F80-41A4-A1A1-6A64DE483BA3}
	EndGlobalSection
EndGlobal
